
Microsoft Visual Studio Solution File, Format Version 12.00
# Visual Studio Version 18
VisualStudioVersion = 18.9.12128.139 oobstable
MinimumVisualStudioVersion = 10.0.40219.1
Project("{9A19103F-16F7-4668-BE54-9A1E7A4F7556}") = "Immersion", "Immersion\Immersion.csproj", "{B039C7F1-3D29-49A2-95C8-BB655B2D8C1B}"
EndProject
Project("{2150E333-8FDC-42A3-9474-1A3956D46DE8}") = "Solution Items", "Solution Items", "{F900F4AF-B356-41B8-8015-2F4AE33B36B2}"
	ProjectSection(SolutionItems) = preProject
		.editorconfig = .editorconfig
	EndProjectSection
EndProject
Global
	GlobalSection(SolutionConfigurationPlatforms) = preSolution
		Debug|Any CPU = Debug|Any CPU
		Release|Any CPU = Release|Any CPU
	EndGlobalSection
	GlobalSection(ProjectConfigurationPlatforms) = postSolution
		{B039C7F1-3D29-49A2-95C8-BB655B2D8C1B}.Debug|Any CPU.ActiveCfg = Debug|Any CPU
		{B039C7F1-3D29-49A2-95C8-BB655B2D8C1B}.Debug|Any CPU.Build.0 = Debug|Any CPU
		{B039C7F1-3D29-49A2-95C8-BB655B2D8C1B}.Release|Any CPU.ActiveCfg = Release|Any CPU
		{B039C7F1-3D29-49A2-95C8-BB655B2D8C1B}.Release|Any CPU.Build.0 = Release|Any CPU
	EndGlobalSection
	GlobalSection(SolutionProperties) = preSolution
		HideSolutionNode = FALSE
	EndGlobalSection
	GlobalSection(ExtensibilityGlobals) = postSolution
		SolutionGuid = {988684E4-9AC3-4709-AC3F-60AF823E3DF7}
	EndGlobalSection
EndGlobal
